
Microsoft Visual Studio Solution File, Format Version 12.00
# Visual Studio Version 17
VisualStudioVersion = 17.0.31903.59
MinimumVisualStudioVersion = 10.0.40219.1
Project("{FAE04EC0-301F-11D3-BF4B-00C04F79EFBC}") = "1", "1\1.csproj", "{441F768D-A5A2-4D75-AFF6-B31F83553650}"
EndProject
Project("{FAE04EC0-301F-11D3-BF4B-00C04F79EFBC}") = "2", "2\2.csproj", "{AE3B35F1-3210-413A-B2FD-0EFFDE793785}"
EndProject
Project("{FAE04EC0-301F-11D3-BF4B-00C04F79EFBC}") = "3", "3\3.csproj", "{175C5A63-B566-4615-B8A7-E9BFB726958C}"
EndProject
Project("{FAE04EC0-301F-11D3-BF4B-00C04F79EFBC}") = "4", "4\4.csproj", "{9F631DD7-8B1B-4332-86D4-92805AB77E40}"
EndProject
Project("{FAE04EC0-301F-11D3-BF4B-00C04F79EFBC}") = "5", "5\5.csproj", "{44833AD3-6F4B-4598-A85E-3418AB51BCFD}"
EndProject
Project("{FAE04EC0-301F-11D3-BF4B-00C04F79EFBC}") = "6", "6\6.csproj", "{EF436E58-9368-4931-B892-7492C7A69FCB}"
EndProject
Project("{FAE04EC0-301F-11D3-BF4B-00C04F79EFBC}") = "7", "7\7.csproj", "{23BA9217-30C2-4D8E-9730-F6AC49957C3A}"
EndProject
Project("{FAE04EC0-301F-11D3-BF4B-00C04F79EFBC}") = "8", "8\8.csproj", "{E17FF44B-D19B-4DD2-A332-224E29C08DA2}"
EndProject
Project("{FAE04EC0-301F-11D3-BF4B-00C04F79EFBC}") = "9", "9\9.csproj", "{AC06A828-0321-402D-89CD-82161014B6BF}"
EndProject
Project("{FAE04EC0-301F-11D3-BF4B-00C04F79EFBC}") = "10", "10\10.csproj", "{01F628FE-BC35-40FF-AF0A-8C5BE0A17DC9}"
EndProject
Project("{FAE04EC0-301F-11D3-BF4B-00C04F79EFBC}") = "11", "11\11.csproj", "{2CFE135F-7946-4023-8978-6A71B1AED77F}"
EndProject
Global
	GlobalSection(SolutionConfigurationPlatforms) = preSolution
		Debug|Any CPU = Debug|Any CPU
		Release|Any CPU = Release|Any CPU
	EndGlobalSection
	GlobalSection(SolutionProperties) = preSolution
		HideSolutionNode = FALSE
	EndGlobalSection
	GlobalSection(ProjectConfigurationPlatforms) = postSolution
		{441F768D-A5A2-4D75-AFF6-B31F83553650}.Debug|Any CPU.ActiveCfg = Debug|Any CPU
		{441F768D-A5A2-4D75-AFF6-B31F83553650}.Debug|Any CPU.Build.0 = Debug|Any CPU
		{441F768D-A5A2-4D75-AFF6-B31F83553650}.Release|Any CPU.ActiveCfg = Release|Any CPU
		{441F768D-A5A2-4D75-AFF6-B31F83553650}.Release|Any CPU.Build.0 = Release|Any CPU
		{AE3B35F1-3210-413A-B2FD-0EFFDE793785}.Debug|Any CPU.ActiveCfg = Debug|Any CPU
		{AE3B35F1-3210-413A-B2FD-0EFFDE793785}.Debug|Any CPU.Build.0 = Debug|Any CPU
		{AE3B35F1-3210-413A-B2FD-0EFFDE793785}.Release|Any CPU.ActiveCfg = Release|Any CPU
		{AE3B35F1-3210-413A-B2FD-0EFFDE793785}.Release|Any CPU.Build.0 = Release|Any CPU
		{175C5A63-B566-4615-B8A7-E9BFB726958C}.Debug|Any CPU.ActiveCfg = Debug|Any CPU
		{175C5A63-B566-4615-B8A7-E9BFB726958C}.Debug|Any CPU.Build.0 = Debug|Any CPU
		{175C5A63-B566-4615-B8A7-E9BFB726958C}.Release|Any CPU.ActiveCfg = Release|Any CPU
		{175C5A63-B566-4615-B8A7-E9BFB726958C}.Release|Any CPU.Build.0 = Release|Any CPU
		{9F631DD7-8B1B-4332-86D4-92805AB77E40}.Debug|Any CPU.ActiveCfg = Debug|Any CPU
		{9F631DD7-8B1B-4332-86D4-92805AB77E40}.Debug|Any CPU.Build.0 = Debug|Any CPU
		{9F631DD7-8B1B-4332-86D4-92805AB77E40}.Release|Any CPU.ActiveCfg = Release|Any CPU
		{9F631DD7-8B1B-4332-86D4-92805AB77E40}.Release|Any CPU.Build.0 = Release|Any CPU
		{44833AD3-6F4B-4598-A85E-3418AB51BCFD}.Debug|Any CPU.ActiveCfg = Debug|Any CPU
		{44833AD3-6F4B-4598-A85E-3418AB51BCFD}.Debug|Any CPU.Build.0 = Debug|Any CPU
		{44833AD3-6F4B-4598-A85E-3418AB51BCFD}.Release|Any CPU.ActiveCfg = Release|Any CPU
		{44833AD3-6F4B-4598-A85E-3418AB51BCFD}.Release|Any CPU.Build.0 = Release|Any CPU
		{EF436E58-9368-4931-B892-7492C7A69FCB}.Debug|Any CPU.ActiveCfg = Debug|Any CPU
		{EF436E58-9368-4931-B892-7492C7A69FCB}.Debug|Any CPU.Build.0 = Debug|Any CPU
		{EF436E58-9368-4931-B892-7492C7A69FCB}.Release|Any CPU.ActiveCfg = Release|Any CPU
		{EF436E58-9368-4931-B892-7492C7A69FCB}.Release|Any CPU.Build.0 = Release|Any CPU
		{23BA9217-30C2-4D8E-9730-F6AC49957C3A}.Debug|Any CPU.ActiveCfg = Debug|Any CPU
		{23BA9217-30C2-4D8E-9730-F6AC49957C3A}.Debug|Any CPU.Build.0 = Debug|Any CPU
		{23BA9217-30C2-4D8E-9730-F6AC49957C3A}.Release|Any CPU.ActiveCfg = Release|Any CPU
		{23BA9217-30C2-4D8E-9730-F6AC49957C3A}.Release|Any CPU.Build.0 = Release|Any CPU
		{E17FF44B-D19B-4DD2-A332-224E29C08DA2}.Debug|Any CPU.ActiveCfg = Debug|Any CPU
		{E17FF44B-D19B-4DD2-A332-224E29C08DA2}.Debug|Any CPU.Build.0 = Debug|Any CPU
		{E17FF44B-D19B-4DD2-A332-224E29C08DA2}.Release|Any CPU.ActiveCfg = Release|Any CPU
		{E17FF44B-D19B-4DD2-A332-224E29C08DA2}.Release|Any CPU.Build.0 = Release|Any CPU
		{AC06A828-0321-402D-89CD-82161014B6BF}.Debug|Any CPU.ActiveCfg = Debug|Any CPU
		{AC06A828-0321-402D-89CD-82161014B6BF}.Debug|Any CPU.Build.0 = Debug|Any CPU
		{AC06A828-0321-402D-89CD-82161014B6BF}.Release|Any CPU.ActiveCfg = Release|Any CPU
		{AC06A828-0321-402D-89CD-82161014B6BF}.Release|Any CPU.Build.0 = Release|Any CPU
		{01F628FE-BC35-40FF-AF0A-8C5BE0A17DC9}.Debug|Any CPU.ActiveCfg = Debug|Any CPU
		{01F628FE-BC35-40FF-AF0A-8C5BE0A17DC9}.Debug|Any CPU.Build.0 = Debug|Any CPU
		{01F628FE-BC35-40FF-AF0A-8C5BE0A17DC9}.Release|Any CPU.ActiveCfg = Release|Any CPU
		{01F628FE-BC35-40FF-AF0A-8C5BE0A17DC9}.Release|Any CPU.Build.0 = Release|Any CPU
		{2CFE135F-7946-4023-8978-6A71B1AED77F}.Debug|Any CPU.ActiveCfg = Debug|Any CPU
		{2CFE135F-7946-4023-8978-6A71B1AED77F}.Debug|Any CPU.Build.0 = Debug|Any CPU
		{2CFE135F-7946-4023-8978-6A71B1AED77F}.Release|Any CPU.ActiveCfg = Release|Any CPU
		{2CFE135F-7946-4023-8978-6A71B1AED77F}.Release|Any CPU.Build.0 = Release|Any CPU
	EndGlobalSection
EndGlobal
